{
    "version": 3,
    "terraform_version": "0.11.7",
    "serial": 10,
    "lineage": "2ca4f2a3-9b95-f76a-946b-d3cd12621c60",
    "modules": [
        {
            "path": [
                "root"
            ],
            "outputs": {},
            "resources": {
                "openstack_compute_floatingip_associate_v2.fip_1.0": {
                    "type": "openstack_compute_floatingip_associate_v2",
                    "depends_on": [
                        "openstack_compute_instance_v2.Web_Server_",
                        "openstack_compute_instance_v2.Web_Server_.*",
                        "openstack_networking_floatingip_v2.float_1.*"
                    ],
                    "primary": {
                        "id": "203.0.113.109/765ac186-6de7-450b-af71-c31a52991e6e/",
                        "attributes": {
                            "fixed_ip": "",
                            "floating_ip": "203.0.113.109",
                            "id": "203.0.113.109/765ac186-6de7-450b-af71-c31a52991e6e/",
                            "instance_id": "765ac186-6de7-450b-af71-c31a52991e6e",
                            "region": "RegionOne"
                        },
                        "meta": {},
                        "tainted": false
                    },
                    "deposed": [],
                    "provider": "provider.openstack"
                },
                "openstack_compute_floatingip_associate_v2.fip_1.1": {
                    "type": "openstack_compute_floatingip_associate_v2",
                    "depends_on": [
                        "openstack_compute_instance_v2.Web_Server_",
                        "openstack_compute_instance_v2.Web_Server_.*",
                        "openstack_networking_floatingip_v2.float_1.*"
                    ],
                    "primary": {
                        "id": "203.0.113.110/a7eb70f8-4b42-41b4-a50d-ef6504fad7f8/",
                        "attributes": {
                            "fixed_ip": "",
                            "floating_ip": "203.0.113.110",
                            "id": "203.0.113.110/a7eb70f8-4b42-41b4-a50d-ef6504fad7f8/",
                            "instance_id": "a7eb70f8-4b42-41b4-a50d-ef6504fad7f8",
                            "region": "RegionOne"
                        },
                        "meta": {},
                        "tainted": false
                    },
                    "deposed": [],
                    "provider": "provider.openstack"
                },
                "openstack_compute_floatingip_associate_v2.fip_2.0": {
                    "type": "openstack_compute_floatingip_associate_v2",
                    "depends_on": [
                        "openstack_compute_instance_v2.DB_Server_",
                        "openstack_compute_instance_v2.DB_Server_.*",
                        "openstack_networking_floatingip_v2.float_2.*"
                    ],
                    "primary": {
                        "id": "203.0.113.106/9516bd09-bb7d-4582-815d-9c2563dbb1d6/",
                        "attributes": {
                            "fixed_ip": "",
                            "floating_ip": "203.0.113.106",
                            "id": "203.0.113.106/9516bd09-bb7d-4582-815d-9c2563dbb1d6/",
                            "instance_id": "9516bd09-bb7d-4582-815d-9c2563dbb1d6",
                            "region": "RegionOne"
                        },
                        "meta": {},
                        "tainted": false
                    },
                    "deposed": [],
                    "provider": "provider.openstack"
                },
                "openstack_compute_floatingip_associate_v2.fip_2.1": {
                    "type": "openstack_compute_floatingip_associate_v2",
                    "depends_on": [
                        "openstack_compute_instance_v2.DB_Server_",
                        "openstack_compute_instance_v2.DB_Server_.*",
                        "openstack_networking_floatingip_v2.float_2.*"
                    ],
                    "primary": {
                        "id": "203.0.113.112/3da0cc94-b048-44f5-990e-60e8d55cbf06/",
                        "attributes": {
                            "fixed_ip": "",
                            "floating_ip": "203.0.113.112",
                            "id": "203.0.113.112/3da0cc94-b048-44f5-990e-60e8d55cbf06/",
                            "instance_id": "3da0cc94-b048-44f5-990e-60e8d55cbf06",
                            "region": "RegionOne"
                        },
                        "meta": {},
                        "tainted": false
                    },
                    "deposed": [],
                    "provider": "provider.openstack"
                },
                "openstack_compute_instance_v2.DB_Server_.0": {
                    "type": "openstack_compute_instance_v2",
                    "depends_on": [
                        "openstack_networking_subnet_v2.subnet_2_Terraform"
                    ],
                    "primary": {
                        "id": "9516bd09-bb7d-4582-815d-9c2563dbb1d6",
                        "attributes": {
                            "access_ip_v4": "10.20.30.6",
                            "access_ip_v6": "",
                            "all_metadata.%": "0",
                            "availability_zone": "nova",
                            "flavor_id": "0",
                            "flavor_name": "m1.nano",
                            "force_delete": "false",
                            "id": "9516bd09-bb7d-4582-815d-9c2563dbb1d6",
                            "image_id": "b4d7009f-5071-46c8-b16d-5f38e2589aef",
                            "image_name": "cirros",
                            "name": "DB_Server_0",
                            "network.#": "1",
                            "network.0.access_network": "false",
                            "network.0.fixed_ip_v4": "10.20.30.6",
                            "network.0.fixed_ip_v6": "",
                            "network.0.floating_ip": "",
                            "network.0.mac": "fa:16:3e:34:e1:0b",
                            "network.0.name": "internal_terraform_2",
                            "network.0.port": "",
                            "network.0.uuid": "479418e1-16e2-422f-8e9e-dbf08f7cb959",
                            "region": "RegionOne",
                            "security_groups.#": "1",
                            "security_groups.3814588639": "default",
                            "stop_before_destroy": "false"
                        },
                        "meta": {
                            "e2bfb730-ecaa-11e6-8f88-34363bc7c4c0": {
                                "create": 1800000000000,
                                "delete": 1800000000000,
                                "update": 1800000000000
                            }
                        },
                        "tainted": false
                    },
                    "deposed": [],
                    "provider": "provider.openstack"
                },
                "openstack_compute_instance_v2.DB_Server_.1": {
                    "type": "openstack_compute_instance_v2",
                    "depends_on": [
                        "openstack_networking_subnet_v2.subnet_2_Terraform"
                    ],
                    "primary": {
                        "id": "3da0cc94-b048-44f5-990e-60e8d55cbf06",
                        "attributes": {
                            "access_ip_v4": "10.20.30.7",
                            "access_ip_v6": "",
                            "all_metadata.%": "0",
                            "availability_zone": "nova",
                            "flavor_id": "0",
                            "flavor_name": "m1.nano",
                            "force_delete": "false",
                            "id": "3da0cc94-b048-44f5-990e-60e8d55cbf06",
                            "image_id": "b4d7009f-5071-46c8-b16d-5f38e2589aef",
                            "image_name": "cirros",
                            "name": "DB_Server_1",
                            "network.#": "1",
                            "network.0.access_network": "false",
                            "network.0.fixed_ip_v4": "10.20.30.7",
                            "network.0.fixed_ip_v6": "",
                            "network.0.floating_ip": "",
                            "network.0.mac": "fa:16:3e:9c:dd:ec",
                            "network.0.name": "internal_terraform_2",
                            "network.0.port": "",
                            "network.0.uuid": "479418e1-16e2-422f-8e9e-dbf08f7cb959",
                            "region": "RegionOne",
                            "security_groups.#": "1",
                            "security_groups.3814588639": "default",
                            "stop_before_destroy": "false"
                        },
                        "meta": {
                            "e2bfb730-ecaa-11e6-8f88-34363bc7c4c0": {
                                "create": 1800000000000,
                                "delete": 1800000000000,
                                "update": 1800000000000
                            }
                        },
                        "tainted": false
                    },
                    "deposed": [],
                    "provider": "provider.openstack"
                },
                "openstack_compute_instance_v2.Load_Balancer_Server": {
                    "type": "openstack_compute_instance_v2",
                    "depends_on": [
                        "openstack_networking_subnet_v2.subnet_1_Terraform"
                    ],
                    "primary": {
                        "id": "498b0e81-4f5e-44d3-a9a9-028ad7f1df51",
                        "attributes": {
                            "access_ip_v4": "172.1.2.10",
                            "access_ip_v6": "",
                            "all_metadata.%": "0",
                            "availability_zone": "nova",
                            "flavor_id": "0",
                            "flavor_name": "m1.nano",
                            "force_delete": "false",
                            "id": "498b0e81-4f5e-44d3-a9a9-028ad7f1df51",
                            "image_id": "b4d7009f-5071-46c8-b16d-5f38e2589aef",
                            "image_name": "cirros",
                            "name": "Load_Balancer_Server",
                            "network.#": "1",
                            "network.0.access_network": "false",
                            "network.0.fixed_ip_v4": "172.1.2.10",
                            "network.0.fixed_ip_v6": "",
                            "network.0.floating_ip": "",
                            "network.0.mac": "fa:16:3e:bf:f8:6e",
                            "network.0.name": "internal_terraform",
                            "network.0.port": "",
                            "network.0.uuid": "ff60f6ce-8920-4e8d-8743-8b9777cf67d6",
                            "region": "RegionOne",
                            "security_groups.#": "1",
                            "security_groups.3814588639": "default",
                            "stop_before_destroy": "false"
                        },
                        "meta": {
                            "e2bfb730-ecaa-11e6-8f88-34363bc7c4c0": {
                                "create": 1800000000000,
                                "delete": 1800000000000,
                                "update": 1800000000000
                            }
                        },
                        "tainted": false
                    },
                    "deposed": [],
                    "provider": "provider.openstack"
                },
                "openstack_compute_instance_v2.Web_Server_.0": {
                    "type": "openstack_compute_instance_v2",
                    "depends_on": [
                        "openstack_networking_subnet_v2.subnet_1_Terraform"
                    ],
                    "primary": {
                        "id": "765ac186-6de7-450b-af71-c31a52991e6e",
                        "attributes": {
                            "access_ip_v4": "172.1.2.6",
                            "access_ip_v6": "",
                            "all_metadata.%": "0",
                            "availability_zone": "nova",
                            "flavor_id": "0",
                            "flavor_name": "m1.nano",
                            "force_delete": "false",
                            "id": "765ac186-6de7-450b-af71-c31a52991e6e",
                            "image_id": "b4d7009f-5071-46c8-b16d-5f38e2589aef",
                            "image_name": "cirros",
                            "name": "Web_Server_0",
                            "network.#": "1",
                            "network.0.access_network": "false",
                            "network.0.fixed_ip_v4": "172.1.2.6",
                            "network.0.fixed_ip_v6": "",
                            "network.0.floating_ip": "",
                            "network.0.mac": "fa:16:3e:2f:59:20",
                            "network.0.name": "internal_terraform",
                            "network.0.port": "",
                            "network.0.uuid": "ff60f6ce-8920-4e8d-8743-8b9777cf67d6",
                            "region": "RegionOne",
                            "security_groups.#": "1",
                            "security_groups.3814588639": "default",
                            "stop_before_destroy": "false"
                        },
                        "meta": {
                            "e2bfb730-ecaa-11e6-8f88-34363bc7c4c0": {
                                "create": 1800000000000,
                                "delete": 1800000000000,
                                "update": 1800000000000
                            }
                        },
                        "tainted": false
                    },
                    "deposed": [],
                    "provider": "provider.openstack"
                },
                "openstack_compute_instance_v2.Web_Server_.1": {
                    "type": "openstack_compute_instance_v2",
                    "depends_on": [
                        "openstack_networking_subnet_v2.subnet_1_Terraform"
                    ],
                    "primary": {
                        "id": "a7eb70f8-4b42-41b4-a50d-ef6504fad7f8",
                        "attributes": {
                            "access_ip_v4": "172.1.2.12",
                            "access_ip_v6": "",
                            "all_metadata.%": "0",
                            "availability_zone": "nova",
                            "flavor_id": "0",
                            "flavor_name": "m1.nano",
                            "force_delete": "false",
                            "id": "a7eb70f8-4b42-41b4-a50d-ef6504fad7f8",
                            "image_id": "b4d7009f-5071-46c8-b16d-5f38e2589aef",
                            "image_name": "cirros",
                            "name": "Web_Server_1",
                            "network.#": "1",
                            "network.0.access_network": "false",
                            "network.0.fixed_ip_v4": "172.1.2.12",
                            "network.0.fixed_ip_v6": "",
                            "network.0.floating_ip": "",
                            "network.0.mac": "fa:16:3e:f2:83:aa",
                            "network.0.name": "internal_terraform",
                            "network.0.port": "",
                            "network.0.uuid": "ff60f6ce-8920-4e8d-8743-8b9777cf67d6",
                            "region": "RegionOne",
                            "security_groups.#": "1",
                            "security_groups.3814588639": "default",
                            "stop_before_destroy": "false"
                        },
                        "meta": {
                            "e2bfb730-ecaa-11e6-8f88-34363bc7c4c0": {
                                "create": 1800000000000,
                                "delete": 1800000000000,
                                "update": 1800000000000
                            }
                        },
                        "tainted": false
                    },
                    "deposed": [],
                    "provider": "provider.openstack"
                },
                "openstack_networking_floatingip_v2.float_1.0": {
                    "type": "openstack_networking_floatingip_v2",
                    "depends_on": [],
                    "primary": {
                        "id": "4f38f04e-0702-444b-8d92-7891f91a3851",
                        "attributes": {
                            "address": "203.0.113.109",
                            "fixed_ip": "",
                            "id": "4f38f04e-0702-444b-8d92-7891f91a3851",
                            "pool": "provider",
                            "port_id": "",
                            "region": "RegionOne",
                            "tenant_id": "a26de437414f4b36b4e27ae05ba69808"
                        },
                        "meta": {
                            "e2bfb730-ecaa-11e6-8f88-34363bc7c4c0": {
                                "create": 600000000000,
                                "delete": 600000000000
                            }
                        },
                        "tainted": false
                    },
                    "deposed": [],
                    "provider": "provider.openstack"
                },
                "openstack_networking_floatingip_v2.float_1.1": {
                    "type": "openstack_networking_floatingip_v2",
                    "depends_on": [],
                    "primary": {
                        "id": "5e8ae471-2421-4c2d-a59b-b16a7cc414c1",
                        "attributes": {
                            "address": "203.0.113.110",
                            "fixed_ip": "",
                            "id": "5e8ae471-2421-4c2d-a59b-b16a7cc414c1",
                            "pool": "provider",
                            "port_id": "",
                            "region": "RegionOne",
                            "tenant_id": "a26de437414f4b36b4e27ae05ba69808"
                        },
                        "meta": {
                            "e2bfb730-ecaa-11e6-8f88-34363bc7c4c0": {
                                "create": 600000000000,
                                "delete": 600000000000
                            }
                        },
                        "tainted": false
                    },
                    "deposed": [],
                    "provider": "provider.openstack"
                },
                "openstack_networking_floatingip_v2.float_2.0": {
                    "type": "openstack_networking_floatingip_v2",
                    "depends_on": [],
                    "primary": {
                        "id": "8f949ed0-ed31-4e7c-a75d-0751685d6856",
                        "attributes": {
                            "address": "203.0.113.106",
                            "fixed_ip": "",
                            "id": "8f949ed0-ed31-4e7c-a75d-0751685d6856",
                            "pool": "provider",
                            "port_id": "",
                            "region": "RegionOne",
                            "tenant_id": "a26de437414f4b36b4e27ae05ba69808"
                        },
                        "meta": {
                            "e2bfb730-ecaa-11e6-8f88-34363bc7c4c0": {
                                "create": 600000000000,
                                "delete": 600000000000
                            }
                        },
                        "tainted": false
                    },
                    "deposed": [],
                    "provider": "provider.openstack"
                },
                "openstack_networking_floatingip_v2.float_2.1": {
                    "type": "openstack_networking_floatingip_v2",
                    "depends_on": [],
                    "primary": {
                        "id": "8f5afdf7-db56-49ab-83b9-d152b81df713",
                        "attributes": {
                            "address": "203.0.113.112",
                            "fixed_ip": "",
                            "id": "8f5afdf7-db56-49ab-83b9-d152b81df713",
                            "pool": "provider",
                            "port_id": "",
                            "region": "RegionOne",
                            "tenant_id": "a26de437414f4b36b4e27ae05ba69808"
                        },
                        "meta": {
                            "e2bfb730-ecaa-11e6-8f88-34363bc7c4c0": {
                                "create": 600000000000,
                                "delete": 600000000000
                            }
                        },
                        "tainted": false
                    },
                    "deposed": [],
                    "provider": "provider.openstack"
                },
                "openstack_networking_network_v2.internal_terraform": {
                    "type": "openstack_networking_network_v2",
                    "depends_on": [],
                    "primary": {
                        "id": "ff60f6ce-8920-4e8d-8743-8b9777cf67d6",
                        "attributes": {
                            "admin_state_up": "true",
                            "availability_zone_hints.#": "0",
                            "id": "ff60f6ce-8920-4e8d-8743-8b9777cf67d6",
                            "name": "internal_terraform",
                            "region": "RegionOne",
                            "shared": "false",
                            "tenant_id": "a26de437414f4b36b4e27ae05ba69808"
                        },
                        "meta": {
                            "e2bfb730-ecaa-11e6-8f88-34363bc7c4c0": {
                                "create": 600000000000,
                                "delete": 600000000000
                            }
                        },
                        "tainted": false
                    },
                    "deposed": [],
                    "provider": "provider.openstack"
                },
                "openstack_networking_network_v2.internal_terraform_2": {
                    "type": "openstack_networking_network_v2",
                    "depends_on": [],
                    "primary": {
                        "id": "479418e1-16e2-422f-8e9e-dbf08f7cb959",
                        "attributes": {
                            "admin_state_up": "true",
                            "availability_zone_hints.#": "0",
                            "id": "479418e1-16e2-422f-8e9e-dbf08f7cb959",
                            "name": "internal_terraform_2",
                            "region": "RegionOne",
                            "shared": "false",
                            "tenant_id": "a26de437414f4b36b4e27ae05ba69808"
                        },
                        "meta": {
                            "e2bfb730-ecaa-11e6-8f88-34363bc7c4c0": {
                                "create": 600000000000,
                                "delete": 600000000000
                            }
                        },
                        "tainted": false
                    },
                    "deposed": [],
                    "provider": "provider.openstack"
                },
                "openstack_networking_router_interface_v2.router_interface_1": {
                    "type": "openstack_networking_router_interface_v2",
                    "depends_on": [
                        "openstack_networking_router_v2.router_terraform",
                        "openstack_networking_subnet_v2.subnet_1_Terraform"
                    ],
                    "primary": {
                        "id": "330a6fda-bdcd-4c47-93b5-0a7a0d8992be",
                        "attributes": {
                            "id": "330a6fda-bdcd-4c47-93b5-0a7a0d8992be",
                            "port_id": "330a6fda-bdcd-4c47-93b5-0a7a0d8992be",
                            "region": "RegionOne",
                            "router_id": "e3ddfc30-a074-4d25-9e9a-c7526c522ab7",
                            "subnet_id": "2af54d19-9fe4-4a4a-a436-5ba0ca275a32"
                        },
                        "meta": {
                            "e2bfb730-ecaa-11e6-8f88-34363bc7c4c0": {
                                "create": 600000000000,
                                "delete": 600000000000
                            }
                        },
                        "tainted": false
                    },
                    "deposed": [],
                    "provider": "provider.openstack"
                },
                "openstack_networking_router_interface_v2.router_interface_2": {
                    "type": "openstack_networking_router_interface_v2",
                    "depends_on": [
                        "openstack_networking_router_v2.router_terraform",
                        "openstack_networking_subnet_v2.subnet_2_Terraform"
                    ],
                    "primary": {
                        "id": "9bc89e87-d716-4124-951f-bad6309fe4e6",
                        "attributes": {
                            "id": "9bc89e87-d716-4124-951f-bad6309fe4e6",
                            "port_id": "9bc89e87-d716-4124-951f-bad6309fe4e6",
                            "region": "RegionOne",
                            "router_id": "e3ddfc30-a074-4d25-9e9a-c7526c522ab7",
                            "subnet_id": "9a7d9bb2-530c-4389-9f53-0e2dbf89a7cf"
                        },
                        "meta": {
                            "e2bfb730-ecaa-11e6-8f88-34363bc7c4c0": {
                                "create": 600000000000,
                                "delete": 600000000000
                            }
                        },
                        "tainted": false
                    },
                    "deposed": [],
                    "provider": "provider.openstack"
                },
                "openstack_networking_router_v2.router_terraform": {
                    "type": "openstack_networking_router_v2",
                    "depends_on": [],
                    "primary": {
                        "id": "e3ddfc30-a074-4d25-9e9a-c7526c522ab7",
                        "attributes": {
                            "admin_state_up": "true",
                            "availability_zone_hints.#": "0",
                            "distributed": "false",
                            "enable_snat": "true",
                            "external_fixed_ip.#": "1",
                            "external_fixed_ip.0.ip_address": "203.0.113.102",
                            "external_fixed_ip.0.subnet_id": "ae624f80-a460-4b1b-8891-18d2bc0743ce",
                            "external_gateway": "bfd56918-cfab-4d06-a5b3-c890f2ac648b",
                            "external_network_id": "bfd56918-cfab-4d06-a5b3-c890f2ac648b",
                            "id": "e3ddfc30-a074-4d25-9e9a-c7526c522ab7",
                            "name": "router_terraform",
                            "region": "RegionOne",
                            "tenant_id": "a26de437414f4b36b4e27ae05ba69808"
                        },
                        "meta": {
                            "e2bfb730-ecaa-11e6-8f88-34363bc7c4c0": {
                                "create": 600000000000,
                                "delete": 600000000000
                            }
                        },
                        "tainted": false
                    },
                    "deposed": [],
                    "provider": "provider.openstack"
                },
                "openstack_networking_subnet_v2.subnet_1_Terraform": {
                    "type": "openstack_networking_subnet_v2",
                    "depends_on": [
                        "openstack_networking_network_v2.internal_terraform"
                    ],
                    "primary": {
                        "id": "2af54d19-9fe4-4a4a-a436-5ba0ca275a32",
                        "attributes": {
                            "allocation_pools.#": "1",
                            "allocation_pools.0.end": "172.1.2.254",
                            "allocation_pools.0.start": "172.1.2.2",
                            "cidr": "172.1.2.0/24",
                            "dns_nameservers.#": "0",
                            "enable_dhcp": "true",
                            "gateway_ip": "172.1.2.1",
                            "host_routes.#": "0",
                            "id": "2af54d19-9fe4-4a4a-a436-5ba0ca275a32",
                            "ip_version": "4",
                            "ipv6_address_mode": "",
                            "ipv6_ra_mode": "",
                            "name": "subnet_1_Terraform",
                            "network_id": "ff60f6ce-8920-4e8d-8743-8b9777cf67d6",
                            "no_gateway": "false",
                            "region": "RegionOne",
                            "subnetpool_id": "",
                            "tenant_id": "a26de437414f4b36b4e27ae05ba69808"
                        },
                        "meta": {
                            "e2bfb730-ecaa-11e6-8f88-34363bc7c4c0": {
                                "create": 600000000000,
                                "delete": 600000000000
                            }
                        },
                        "tainted": false
                    },
                    "deposed": [],
                    "provider": "provider.openstack"
                },
                "openstack_networking_subnet_v2.subnet_2_Terraform": {
                    "type": "openstack_networking_subnet_v2",
                    "depends_on": [
                        "openstack_networking_network_v2.internal_terraform_2"
                    ],
                    "primary": {
                        "id": "9a7d9bb2-530c-4389-9f53-0e2dbf89a7cf",
                        "attributes": {
                            "allocation_pools.#": "1",
                            "allocation_pools.0.end": "10.20.30.254",
                            "allocation_pools.0.start": "10.20.30.2",
                            "cidr": "10.20.30.0/24",
                            "dns_nameservers.#": "0",
                            "enable_dhcp": "true",
                            "gateway_ip": "10.20.30.1",
                            "host_routes.#": "0",
                            "id": "9a7d9bb2-530c-4389-9f53-0e2dbf89a7cf",
                            "ip_version": "4",
                            "ipv6_address_mode": "",
                            "ipv6_ra_mode": "",
                            "name": "subnet_2_Terraform",
                            "network_id": "479418e1-16e2-422f-8e9e-dbf08f7cb959",
                            "no_gateway": "false",
                            "region": "RegionOne",
                            "subnetpool_id": "",
                            "tenant_id": "a26de437414f4b36b4e27ae05ba69808"
                        },
                        "meta": {
                            "e2bfb730-ecaa-11e6-8f88-34363bc7c4c0": {
                                "create": 600000000000,
                                "delete": 600000000000
                            }
                        },
                        "tainted": false
                    },
                    "deposed": [],
                    "provider": "provider.openstack"
                }
            },
            "depends_on": []
        }
    ]
}
